
Microsoft Visual Studio Solution File, Format Version 12.00
# Visual Studio Version 17
VisualStudioVersion = 17.3.32811.315
MinimumVisualStudioVersion = 10.0.40219.1
Project("{FAE04EC0-301F-11D3-BF4B-00C04F79EFBC}") = "IntroToCSharp", "IntroToCSharp\IntroToCSharp.csproj", "{DBD9BEDB-4879-4F07-9AB1-66E398AFAE11}"
EndProject
Global
	GlobalSection(SolutionConfigurationPlatforms) = preSolution
		Debug|Any CPU = Debug|Any CPU
		Release|Any CPU = Release|Any CPU
	EndGlobalSection
	GlobalSection(ProjectConfigurationPlatforms) = postSolution
		{DBD9BEDB-4879-4F07-9AB1-66E398AFAE11}.Debug|Any CPU.ActiveCfg = Debug|Any CPU
		{DBD9BEDB-4879-4F07-9AB1-66E398AFAE11}.Debug|Any CPU.Build.0 = Debug|Any CPU
		{DBD9BEDB-4879-4F07-9AB1-66E398AFAE11}.Release|Any CPU.ActiveCfg = Release|Any CPU
		{DBD9BEDB-4879-4F07-9AB1-66E398AFAE11}.Release|Any CPU.Build.0 = Release|Any CPU
	EndGlobalSection
	GlobalSection(SolutionProperties) = preSolution
		HideSolutionNode = FALSE
	EndGlobalSection
	GlobalSection(ExtensibilityGlobals) = postSolution
		SolutionGuid = {7B1CB940-2759-4DB9-BD84-DB9F46D8B941}
	EndGlobalSection
EndGlobal
